github.com/KarpelesLab/emitter v0.2.1 h1:DlWLjZAa2c9wc02K5f4zHAt0Jv1C1tQgLgT7VbF7yYI=
github.com/KarpelesLab/emitter v0.2.1/go.mod h1:JOaQADpNVN0OJfhkDurRCUkMEotPM8Pukh3DadTOY+4=
github.com/KarpelesLab/emitter v0.2.2 h1:GZqeqEPmBfnFHnPzipYn0yqQqgufmhPWTMJZOquo8NM=
github.com/KarpelesLab/emitter v0.2.2/go.mod h1:JOaQADpNVN0OJfhkDurRCUkMEotPM8Pukh3DadTOY+4=
github.com/KarpelesLab/emitter v0.3.0 h1:Q1ggg/ZTohxiwYhm5H4C9phzq1RPNOi9MmWT5HuTSLQ=
github.com/KarpelesLab/emitter v0.3.0/go.mod h1:JOaQADpNVN0OJfhkDurRCUkMEotPM8Pukh3DadTOY+4=
github.com/KarpelesLab/pjson v0.1.9 h1:JVmm61sLRVb+5YkUDacgM1FlB9CTOsCUhEvF+OzUMf0=
github.com/KarpelesLab/pjson v0.1.9/go.mod h1:gb4uSTld7I2kO2WvLdat1mN1brsS1hzSR+dWw1hL3iU=
github.com/KarpelesLab/pjson v0.1.10 h1:ZZcRvHj3fjY/fnYQ+Zow9SCZDOGYTkXs/0v0qtOgv3A=
github.com/KarpelesLab/pjson v0.1.10/go.mod h1:gb4uSTld7I2kO2WvLdat1mN1brsS1hzSR+dWw1hL3iU=
github.com/KarpelesLab/pobj v0.2.0 h1:YgiXaLACLkIAFDzOH7sXB3dKWQbAAYwCC200e2tyFzE=
github.com/KarpelesLab/pobj v0.2.0/go.mod h1:G03Fhv4ikiKZ82XXYQgFzr0sGOM7xpqGdhC0DRD0mmc=
github.com/KarpelesLab/ringslice v0.1.0 h1:RTty9FHR6K9nzr0il70U951WlVu1pZCKjhV1M2Ln6nw=
github.com/KarpelesLab/ringslice v0.1.0/go.mod h1:zgkPNTVpFNkUQNPOd9LglWQKSWjUnL+EWJOe3zBO+RU=
github.com/KarpelesLab/ringslice v0.1.1 h1:qJNai4Tj9KvK7xwCflrUJF3gQreiTYFdro6UUbhiFx0=
github.com/KarpelesLab/ringslice v0.1.1/go.mod h1:zgkPNTVpFNkUQNPOd9LglWQKSWjUnL+EWJOe3zBO+RU=
github.com/KarpelesLab/typutil v0.2.19 h1:RmUoGos41I80GXKAR3ZUHCdjgBoSSPhGnXmJTPEjp4Y=
github.com/KarpelesLab/typutil v0.2.19/go.mod h1:AAFzwyeM5datR6N5pGy8VrihZacfVS4ktC+AKp3VIrQ=
github.com/KarpelesLab/typutil v0.2.27 h1:DPm//KDynu9J73owN7WxM0vL6yVx1zCqIk4BpIQAdGg=
github.com/KarpelesLab/typutil v0.2.27/go.mod h1:AAFzwyeM5datR6N5pGy8VrihZacfVS4ktC+AKp3VIrQ=
github.com/KarpelesLab/typutil v0.2.29 h1:lyo+5MAVOxDbZrTeotrhhLY6jfN+CwVrMm8ms/ZYsQc=
github.com/KarpelesLab/typutil v0.2.29/go.mod h1:AAFzwyeM5datR6N5pGy8VrihZacfVS4ktC+AKp3VIrQ=
github.com/KarpelesLab/typutil v0.2.30 h1:fhd/0J9OHLb3mRsk/KbvdzW9gxvfiA8fRw0DBPxMqKM=
github.com/KarpelesLab/typutil v0.2.30/go.mod h1:D40zw2FqfQwMnczl1uaXRK0dsUAO/isDElTkAJWfQb4=
github.com/KarpelesLab/webutil v0.2.0 h1:EzCegkQUzTNnnCIxu6sTRgZIE/VbrNBDXUCtYrvFHAA=
github.com/KarpelesLab/webutil v0.2.0/go.mod h1:AKTsmoimqwSdJHtZzBnvxcjQv3lgyw/GVJFVyXaDilU=
github.com/KarpelesLab/webutil v0.2.2 h1:FsUwiLAjMDZj9zaSL4hzg2SWgJa9tQzM1A1w15RAGHw=
github.com/KarpelesLab/webutil v0.2.2/go.mod h1:AKTsmoimqwSdJHtZzBnvxcjQv3lgyw/GVJFVyXaDilU=
github.com/coder/websocket v1.8.12 h1:5bUXkEPPIbewrnkU8LTCLVaxi4N4J8ahufH2vlo4NAo=
github.com/coder/websocket v1.8.12/go.mod h1:LNVeNrXQZfe5qhS9ALED3uA+l5pPqvwXg3CKoDBB2gs=
github.com/fxamacker/cbor/v2 v2.6.0 h1:sU6J2usfADwWlYDAFhZBQ6TnLFBHxgesMrQfQgk1tWA=
github.com/fxamacker/cbor/v2 v2.6.0/go.mod h1:pxXPTn3joSm21Gbwsv0w9OSA2y1HFR9qXEeXQVeNoDQ=
github.com/fxamacker/cbor/v2 v2.7.0 h1:iM5WgngdRBanHcxugY4JySA0nk1wZorNOpTgCMedv5E=
github.com/fxamacker/cbor/v2 v2.7.0/go.mod h1:pxXPTn3joSm21Gbwsv0w9OSA2y1HFR9qXEeXQVeNoDQ=
github.com/google/uuid v1.4.0 h1:MtMxsa51/r9yyhkyLsVeVt0B+BGQZzpQiTQ4eHZ8bc4=
github.com/google/uuid v1.4.0/go.mod h1:TIyPZe4MgqvfeYDBFedMoGGpEw/LqOeaOT+nhxU+yHo=
github.com/google/uuid v1.6.0 h1:NIvaJDMOsjHA8n1jAhLSgzrAzy1Hgr+hNrb57e+94F0=
github.com/google/uuid v1.6.0/go.mod h1:TIyPZe4MgqvfeYDBFedMoGGpEw/LqOeaOT+nhxU+yHo=
github.com/jinzhu/inflection v1.0.0 h1:K317FqzuhWc8YvSVlFMCCUb36O/S9MCKRDI7QkRKD/E=
github.com/jinzhu/inflection v1.0.0/go.mod h1:h+uFLlag+Qp1Va5pdKtLDYj+kHp5pxUVkryuEj+Srlc=
github.com/jinzhu/now v1.1.5 h1:/o9tlHleP7gOFmsnYNz3RGnqzefHA47wQpKrrdTIwXQ=
github.com/jinzhu/now v1.1.5/go.mod h1:d3SSVoowX0Lcu0IBviAWJpolVfI5UJVZZ7cO71lE/z8=
github.com/x448/float16 v0.8.4 h1:qLwI1I70+NjRFUR3zs1JPUCgaCXSh3SW62uAKT1mSBM=
github.com/x448/float16 v0.8.4/go.mod h1:14CWIYCyZA/cWjXOioeEpHeN/83MdbZDRQHoFcYsOfg=
golang.org/x/sys v0.5.0 h1:MUK/U/4lj1t1oPg0HfuXDN/Z1wv31ZJ/YcPiGccS4DU=
golang.org/x/sys v0.5.0/go.mod h1:oPkhp1MJrh7nUepCBck5+mAzfO9JrbApNNgaTdGDITg=
golang.org/x/sys v0.27.0 h1:wBqf8DvsY9Y/2P8gAfPDEYNuS30J4lPHJxXSb/nJZ+s=
golang.org/x/sys v0.27.0/go.mod h1:/VUhepiaJMQUp4+oa/7Zr1D23ma6VTLIYjOOTFZPUcA=
golang.org/x/sys v0.30.0 h1:QjkSwP/36a20jFYWkSue1YwXzLmsV5Gfq7Eiy72C1uc=
golang.org/x/sys v0.30.0/go.mod h1:/VUhepiaJMQUp4+oa/7Zr1D23ma6VTLIYjOOTFZPUcA=
golang.org/x/text v0.14.0 h1:ScX5w1eTa3QqT8oi6+ziP7dTV1S2+ALU0bI+0zXKWiQ=
golang.org/x/text v0.14.0/go.mod h1:18ZOQIKpY8NJVqYksKHtTdi31H5itFRjB5/qKTNYzSU=
golang.org/x/text v0.20.0 h1:gK/Kv2otX8gz+wn7Rmb3vT96ZwuoxnQlY+HlJVj7Qug=
golang.org/x/text v0.20.0/go.mod h1:D4IsuqiFMhST5bX19pQ9ikHC2GsaKyk/oF+pn3ducp4=
golang.org/x/text v0.22.0 h1:bofq7m3/HAFvbF51jz3Q9wLg3jkvSPuiZu/pD1XwgtM=
golang.org/x/text v0.22.0/go.mod h1:YRoo4H8PVmsu+E3Ou7cqLVH8oXWIHVoX0jqUWALQhfY=
gorm.io/gorm v1.25.11 h1:/Wfyg1B/je1hnDx3sMkX+gAlxrlZpn6X0BXRlwXlvHg=
gorm.io/gorm v1.25.11/go.mod h1:xh7N7RHfYlNc5EmcI/El95gXusucDrQnHXe0+CgWcLQ=
gorm.io/gorm v1.25.12 h1:I0u8i2hWQItBq1WfE0o2+WuL9+8L21K9e2HHSTE/0f8=
gorm.io/gorm v1.25.12/go.mod h1:xh7N7RHfYlNc5EmcI/El95gXusucDrQnHXe0+CgWcLQ=
