github.com/KarpelesLab/graphql v0.0.1/go.mod h1:pnXj3FtU+9JFtaB5kwFZrKrR2Nqi1srWNF0e6YsNb3g=
github.com/KarpelesLab/pjson v0.1.1 h1:/95RVzwNupR2+S2TEFEPf66H+TtdNjepf/wDobcQml0=
github.com/KarpelesLab/pjson v0.1.1/go.mod h1:gb4uSTld7I2kO2WvLdat1mN1brsS1hzSR+dWw1hL3iU=
github.com/KarpelesLab/pjson v0.1.7 h1:j0EItKHyf/dXPZJXbMAS1Ioxlq1LTNH9YmPkmX/JN3s=
github.com/KarpelesLab/pjson v0.1.7/go.mod h1:gb4uSTld7I2kO2WvLdat1mN1brsS1hzSR+dWw1hL3iU=
github.com/KarpelesLab/pjson v0.1.8 h1:g0EKI4MrZRWRTwwl79ENPSvxDhhewyG2Qe1qQ7F+7oI=
github.com/KarpelesLab/pjson v0.1.8/go.mod h1:gb4uSTld7I2kO2WvLdat1mN1brsS1hzSR+dWw1hL3iU=
github.com/KarpelesLab/pjson v0.1.9 h1:JVmm61sLRVb+5YkUDacgM1FlB9CTOsCUhEvF+OzUMf0=
github.com/KarpelesLab/pjson v0.1.9/go.mod h1:gb4uSTld7I2kO2WvLdat1mN1brsS1hzSR+dWw1hL3iU=
github.com/KarpelesLab/pobj v0.0.1 h1:l3i4EAdTbVKTNZ/CYKPdJFjwc4GxMyuYSYBlvRGClwA=
github.com/KarpelesLab/pobj v0.0.1/go.mod h1:rwPZbrUj7uB7Bu8MD+ml9s+yd+pmp2WOCJvumcFpweQ=
github.com/KarpelesLab/pobj v0.0.2 h1:S6drkfbRX9HwKER/2nIWxAVmkHJybb6yTFlYQhD1FXI=
github.com/KarpelesLab/pobj v0.0.2/go.mod h1:rwPZbrUj7uB7Bu8MD+ml9s+yd+pmp2WOCJvumcFpweQ=
github.com/KarpelesLab/pobj v0.1.0 h1:GPwNraLn3YpfMbI+TFo28K2aQHfgEouYYv2rJG86fJo=
github.com/KarpelesLab/pobj v0.1.0/go.mod h1:rwPZbrUj7uB7Bu8MD+ml9s+yd+pmp2WOCJvumcFpweQ=
github.com/KarpelesLab/pobj v0.1.1 h1:Y3pz6VxWdZyJ+hf0TinSd/c/91p82njxPYxZdQ2StSQ=
github.com/KarpelesLab/pobj v0.1.1/go.mod h1:rwPZbrUj7uB7Bu8MD+ml9s+yd+pmp2WOCJvumcFpweQ=
github.com/KarpelesLab/pobj v0.1.4 h1:GZ2KnAoljEugt7DYo/UzkFXXOpEKpxcsC8UqHj6rjj4=
github.com/KarpelesLab/pobj v0.1.4/go.mod h1:kr9sSWWiC16ibxWzdJ0yXyD6AcI29RymJXwlA3kqQ7U=
github.com/KarpelesLab/pobj v0.1.5 h1:vZ6W9FrzVLOYAzxj7CCd0PRQVb78n1dXg/KtmrBo7/k=
github.com/KarpelesLab/pobj v0.1.5/go.mod h1:U368tFP4t7k4Jzw9gsQjMZ+wQAXFXqUsAnYZJMIrDgQ=
github.com/KarpelesLab/typutil v0.1.14 h1:AUy2VIB7Igd97cynEQcMoru2nRCXjj37DeVJvyCElgI=
github.com/KarpelesLab/typutil v0.1.14/go.mod h1:2i3R0QUCDra36M80JD0lIq3yhnKiRjtQndtX5LYYXPU=
github.com/KarpelesLab/typutil v0.2.4 h1:88EYceEbvd+v9OYIQqO1cA3Ixm2qn5qSCRNmMeYgQHo=
github.com/KarpelesLab/typutil v0.2.4/go.mod h1:lqs248XpjFstgZMT5ZVP4/3B6zT7eEeq5kKj4/tC1IQ=
github.com/KarpelesLab/webutil v0.1.0 h1:s3lAFw8HXChfyU1AcyJXqWStrDRwgbT/3Xwlq8gaB+w=
github.com/KarpelesLab/webutil v0.1.0/go.mod h1:1UsHLjGbVRqUc1LbF5LXM968jllEZkxryqhqYesvZos=
github.com/KarpelesLab/webutil v0.1.1 h1:w5iCebZb3kv39M23/VrL9w97oTW6MEwFyW6VnJF8vZk=
github.com/KarpelesLab/webutil v0.1.1/go.mod h1:AKTsmoimqwSdJHtZzBnvxcjQv3lgyw/GVJFVyXaDilU=
github.com/KarpelesLab/webutil v0.2.0 h1:EzCegkQUzTNnnCIxu6sTRgZIE/VbrNBDXUCtYrvFHAA=
github.com/KarpelesLab/webutil v0.2.0/go.mod h1:AKTsmoimqwSdJHtZzBnvxcjQv3lgyw/GVJFVyXaDilU=
github.com/google/uuid v1.3.0 h1:t6JiXgmwXMjEs8VusXIJk2BXHsn+wx8BZdTaoZ5fu7I=
github.com/google/uuid v1.3.0/go.mod h1:TIyPZe4MgqvfeYDBFedMoGGpEw/LqOeaOT+nhxU+yHo=
github.com/google/uuid v1.3.1 h1:KjJaJ9iWZ3jOFZIf1Lqf4laDRCasjl0BCmnEGxkdLb4=
github.com/google/uuid v1.3.1/go.mod h1:TIyPZe4MgqvfeYDBFedMoGGpEw/LqOeaOT+nhxU+yHo=
github.com/google/uuid v1.4.0 h1:MtMxsa51/r9yyhkyLsVeVt0B+BGQZzpQiTQ4eHZ8bc4=
github.com/google/uuid v1.4.0/go.mod h1:TIyPZe4MgqvfeYDBFedMoGGpEw/LqOeaOT+nhxU+yHo=
golang.org/x/exp v0.0.0-20231127185646-65229373498e h1:Gvh4YaCaXNs6dKTlfgismwWZKyjVZXwOPfIyUaqU3No=
golang.org/x/exp v0.0.0-20231127185646-65229373498e/go.mod h1:iRJReGqOEeBhDZGkGbynYwcHlctCvnjTYIamk7uXpHI=
nhooyr.io/websocket v1.8.11 h1:f/qXNc2/3DpoSZkHt1DQu6rj4zGC8JmkkLkWss0MgN0=
nhooyr.io/websocket v1.8.11/go.mod h1:rN9OFWIUwuxg4fR5tELlYC04bXYowCP9GX47ivo2l+c=
